
Microsoft Visual Studio Solution File, Format Version 12.00
# Visual Studio Version 17
VisualStudioVersion = 17.8.34330.188
MinimumVisualStudioVersion = 10.0.40219.1
Project("{FAE04EC0-301F-11D3-BF4B-00C04F79EFBC}") = "ConsoleMazeRunner", "ConsoleMazeRunner\ConsoleMazeRunner.csproj", "{A6513DAA-AF1F-4EFF-98DF-54DDCC9B6F5C}"
EndProject
Global
	GlobalSection(SolutionConfigurationPlatforms) = preSolution
		Debug|Any CPU = Debug|Any CPU
		Release|Any CPU = Release|Any CPU
	EndGlobalSection
	GlobalSection(ProjectConfigurationPlatforms) = postSolution
		{A6513DAA-AF1F-4EFF-98DF-54DDCC9B6F5C}.Debug|Any CPU.ActiveCfg = Debug|Any CPU
		{A6513DAA-AF1F-4EFF-98DF-54DDCC9B6F5C}.Debug|Any CPU.Build.0 = Debug|Any CPU
		{A6513DAA-AF1F-4EFF-98DF-54DDCC9B6F5C}.Release|Any CPU.ActiveCfg = Release|Any CPU
		{A6513DAA-AF1F-4EFF-98DF-54DDCC9B6F5C}.Release|Any CPU.Build.0 = Release|Any CPU
	EndGlobalSection
	GlobalSection(SolutionProperties) = preSolution
		HideSolutionNode = FALSE
	EndGlobalSection
	GlobalSection(ExtensibilityGlobals) = postSolution
		SolutionGuid = {9531DA7D-E2EE-4C7F-89DA-A7468ACC5168}
	EndGlobalSection
EndGlobal
